
Microsoft Visual Studio Solution File, Format Version 12.00
# Visual Studio Version 16
VisualStudioVersion = 16.0.31624.102
MinimumVisualStudioVersion = 10.0.40219.1
Project("{FAE04EC0-301F-11D3-BF4B-00C04F79EFBC}") = "zad1", "zad1\zad1.csproj", "{EFF96D97-F665-4959-8321-A935F35C3A4B}"
EndProject
Project("{FAE04EC0-301F-11D3-BF4B-00C04F79EFBC}") = "zadanije", "zadanije\zadanije.csproj", "{44819EA0-D2C3-4C77-B857-294788B020BB}"
EndProject
Global
	GlobalSection(SolutionConfigurationPlatforms) = preSolution
		Debug|Any CPU = Debug|Any CPU
		Release|Any CPU = Release|Any CPU
	EndGlobalSection
	GlobalSection(ProjectConfigurationPlatforms) = postSolution
		{EFF96D97-F665-4959-8321-A935F35C3A4B}.Debug|Any CPU.ActiveCfg = Debug|Any CPU
		{EFF96D97-F665-4959-8321-A935F35C3A4B}.Debug|Any CPU.Build.0 = Debug|Any CPU
		{EFF96D97-F665-4959-8321-A935F35C3A4B}.Release|Any CPU.ActiveCfg = Release|Any CPU
		{EFF96D97-F665-4959-8321-A935F35C3A4B}.Release|Any CPU.Build.0 = Release|Any CPU
		{44819EA0-D2C3-4C77-B857-294788B020BB}.Debug|Any CPU.ActiveCfg = Debug|Any CPU
		{44819EA0-D2C3-4C77-B857-294788B020BB}.Debug|Any CPU.Build.0 = Debug|Any CPU
		{44819EA0-D2C3-4C77-B857-294788B020BB}.Release|Any CPU.ActiveCfg = Release|Any CPU
		{44819EA0-D2C3-4C77-B857-294788B020BB}.Release|Any CPU.Build.0 = Release|Any CPU
	EndGlobalSection
	GlobalSection(SolutionProperties) = preSolution
		HideSolutionNode = FALSE
	EndGlobalSection
	GlobalSection(ExtensibilityGlobals) = postSolution
		SolutionGuid = {FB83A6AE-384C-49C0-9069-512F27998A0C}
	EndGlobalSection
EndGlobal
